
Microsoft Visual Studio Solution File, Format Version 12.00
# Visual Studio Version 17
VisualStudioVersion = 17.12.35707.178
MinimumVisualStudioVersion = 10.0.40219.1
Project("{FAE04EC0-301F-11D3-BF4B-00C04F79EFBC}") = "T3PR1Practica1", "T3PR1Practica1\T3PR1Practica1.csproj", "{DDDD38F9-DADD-4EBF-82CB-8BCCAB63614D}"
EndProject
Project("{FAE04EC0-301F-11D3-BF4B-00C04F79EFBC}") = "UnitTesting", "UnitTesting\UnitTesting.csproj", "{A60DF977-B455-4F05-945C-9728032AF3BC}"
EndProject
Global
	GlobalSection(SolutionConfigurationPlatforms) = preSolution
		Debug|Any CPU = Debug|Any CPU
		Release|Any CPU = Release|Any CPU
	EndGlobalSection
	GlobalSection(ProjectConfigurationPlatforms) = postSolution
		{DDDD38F9-DADD-4EBF-82CB-8BCCAB63614D}.Debug|Any CPU.ActiveCfg = Debug|Any CPU
		{DDDD38F9-DADD-4EBF-82CB-8BCCAB63614D}.Debug|Any CPU.Build.0 = Debug|Any CPU
		{DDDD38F9-DADD-4EBF-82CB-8BCCAB63614D}.Release|Any CPU.ActiveCfg = Release|Any CPU
		{DDDD38F9-DADD-4EBF-82CB-8BCCAB63614D}.Release|Any CPU.Build.0 = Release|Any CPU
		{A60DF977-B455-4F05-945C-9728032AF3BC}.Debug|Any CPU.ActiveCfg = Debug|Any CPU
		{A60DF977-B455-4F05-945C-9728032AF3BC}.Debug|Any CPU.Build.0 = Debug|Any CPU
		{A60DF977-B455-4F05-945C-9728032AF3BC}.Release|Any CPU.ActiveCfg = Release|Any CPU
		{A60DF977-B455-4F05-945C-9728032AF3BC}.Release|Any CPU.Build.0 = Release|Any CPU
	EndGlobalSection
	GlobalSection(SolutionProperties) = preSolution
		HideSolutionNode = FALSE
	EndGlobalSection
EndGlobal
